// !$*UTF8*$!
{
	archiveVersion = 1;
	classes = {
	};
	objectVersion = 46;
	objects = {

/* Begin PBXBuildFile section */
		16643CD91C800FCE00873300 /* main.cpp in Sources */ = {isa = PBXBuildFile; fileRef = 16643CD81C800FCE00873300 /* main.cpp */; };
		16643CE01C800FE900873300 /* OpenGL.framework in Frameworks */ = {isa = PBXBuildFile; fileRef = 16643CDF1C800FE900873300 /* OpenGL.framework */; };
		16643CE21C800FEF00873300 /* GLUT.framework in Frameworks */ = {isa = PBXBuildFile; fileRef = 16643CE11C800FEF00873300 /* GLUT.framework */; };
/* End PBXBuildFile section */

/* Begin PBXCopyFilesBuildPhase section */
		16643CD31C800FCE00873300 /* CopyFiles */ = {
			isa = PBXCopyFilesBuildPhase;
			buildActionMask = 2147483647;
			dstPath = /usr/share/man/man1/;
			dstSubfolderSpec = 0;
			files = (
			);
			runOnlyForDeploymentPostprocessing = 1;
		};
/* End PBXCopyFilesBuildPhase section */

/* Begin PBXFileReference section */
		16643CD51C800FCE00873300 /* 2D */ = {isa = PBXFileReference; explicitFileType = "compiled.mach-o.executable"; includeInIndex = 0; path = 2D; sourceTree = BUILT_PRODUCTS_DIR; };
		16643CD81C800FCE00873300 /* main.cpp */ = {isa = PBXFileReference; lastKnownFileType = sourcecode.cpp.cpp; path = main.cpp; sourceTree = "<group>"; };
		16643CDF1C800FE900873300 /* OpenGL.framework */ = {isa = PBXFileReference; lastKnownFileType = wrapper.framework; name = OpenGL.framework; path = System/Library/Frameworks/OpenGL.framework; sourceTree = SDKROOT; };
		16643CE11C800FEF00873300 /* GLUT.framework */ = {isa = PBXFileReference; lastKnownFileType = wrapper.framework; name = GLUT.framework; path = System/Library/Frameworks/GLUT.framework; sourceTree = SDKROOT; };
/* End PBXFileReference section */

/* Begin PBXFrameworksBuildPhase section */
		16643CD21C800FCE00873300 /* Frameworks */ = {
			isa = PBXFrameworksBuildPhase;
			buildActionMask = 2147483647;
			files = (
				16643CE21C800FEF00873300 /* GLUT.framework in Frameworks */,
				16643CE01C800FE900873300 /* OpenGL.framework in Frameworks */,
			);
			runOnlyForDeploymentPostprocessing = 0;
		};
/* End PBXFrameworksBuildPhase section */

/* Begin PBXGroup section */
		16643CCC1C800FCE00873300 = {
			isa = PBXGroup;
			children = (
				16643CE11C800FEF00873300 /* GLUT.framework */,
				16643CDF1C800FE900873300 /* OpenGL.framework */,
				16643CD71C800FCE00873300 /* 2D */,
				16643CD61C800FCE00873300 /* Products */,
			);
			sourceTree = "<group>";
		};
		16643CD61C800FCE00873300 /* Products */ = {
			isa = PBXGroup;
			children = (
				16643CD51C800FCE00873300 /* 2D */,
			);
			name = Products;
			sourceTree = "<group>";
		};
		16643CD71C800FCE00873300 /* 2D */ = {
			isa = PBXGroup;
			children = (
				16643CD81C800FCE00873300 /* main.cpp */,
			);
			path = 2D;
			sourceTree = "<group>";
		};
/* End PBXGroup section */

/* Begin PBXNativeTarget section */
		16643CD41C800FCE00873300 /* 2D */ = {
			isa = PBXNativeTarget;
			buildConfigurationList = 16643CDC1C800FCE00873300 /* Build configuration list for PBXNativeTarget "2D" */;
			buildPhases = (
				16643CD11C800FCE00873300 /* Sources */,
				16643CD21C800FCE00873300 /* Frameworks */,
				16643CD31C800FCE00873300 /* CopyFiles */,
			);
			buildRules = (
			);
			dependencies = (
			);
			name = 2D;
			productName = 2D;
			productReference = 16643CD51C800FCE00873300 /* 2D */;
			productType = "com.apple.product-type.tool";
		};
/* End PBXNativeTarget section */

/* Begin PBXProject section */
		16643CCD1C800FCE00873300 /* Project object */ = {
			isa = PBXProject;
			attributes = {
				LastUpgradeCheck = 0700;
				ORGANIZATIONNAME = "Ali Kian";
				TargetAttributes = {
					16643CD41C800FCE00873300 = {
						CreatedOnToolsVersion = 7.0;
					};
				};
			};
			buildConfigurationList = 16643CD01C800FCE00873300 /* Build configuration list for PBXProject "2D" */;
			compatibilityVersion = "Xcode 3.2";
			developmentRegion = English;
			hasScannedForEncodings = 0;
			knownRegions = (
				en,
			);
			mainGroup = 16643CCC1C800FCE00873300;
			productRefGroup = 16643CD61C800FCE00873300 /* Products */;
			projectDirPath = "";
			projectRoot = "";
			targets = (
				16643CD41C800FCE00873300 /* 2D */,
			);
		};
/* End PBXProject section */

/* Begin PBXSourcesBuildPhase section */
		16643CD11C800FCE00873300 /* Sources */ = {
			isa = PBXSourcesBuildPhase;
			buildActionMask = 2147483647;
			files = (
				16643CD91C800FCE00873300 /* main.cpp in Sources */,
			);
			runOnlyForDeploymentPostprocessing = 0;
		};
/* End PBXSourcesBuildPhase section */

/* Begin XCBuildConfiguration section */
		16643CDA1C800FCE00873300 /* Debug */ = {
			isa = XCBuildConfiguration;
			buildSettings = {
				ALWAYS_SEARCH_USER_PATHS = NO;
				CLANG_CXX_LANGUAGE_STANDARD = "gnu++0x";
				CLANG_CXX_LIBRARY = "libc++";
				CLANG_ENABLE_MODULES = YES;
				CLANG_ENABLE_OBJC_ARC = YES;
				CLANG_WARN_BOOL_CONVERSION = YES;
				CLANG_WARN_CONSTANT_CONVERSION = YES;
				CLANG_WARN_DIRECT_OBJC_ISA_USAGE = YES_ERROR;
				CLANG_WARN_EMPTY_BODY = YES;
				CLANG_WARN_ENUM_CONVERSION = YES;
				CLANG_WARN_INT_CONVERSION = YES;
				CLANG_WARN_OBJC_ROOT_CLASS = YES_ERROR;
				CLANG_WARN_UNREACHABLE_CODE = YES;
				CLANG_WARN__DUPLICATE_METHOD_MATCH = YES;
				COPY_PHASE_STRIP = NO;
				DEBUG_INFORMATION_FORMAT = dwarf;
				ENABLE_STRICT_OBJC_MSGSEND = YES;
				ENABLE_TESTABILITY = YES;
				GCC_C_LANGUAGE_STANDARD = gnu99;
				GCC_DYNAMIC_NO_PIC = NO;
				GCC_NO_COMMON_BLOCKS = YES;
				GCC_OPTIMIZATION_LEVEL = 0;
				GCC_PREPROCESSOR_DEFINITIONS = (
					"DEBUG=1",
					"$(inherited)",
				);
				GCC_WARN_64_TO_32_BIT_CONVERSION = YES;
				GCC_WARN_ABOUT_RETURN_TYPE = YES_ERROR;
				GCC_WARN_UNDECLARED_SELECTOR = YES;
				GCC_WARN_UNINITIALIZED_AUTOS = YES_AGGRESSIVE;
				GCC_WARN_UNUSED_FUNCTION = YES;
				GCC_WARN_UNUSED_VARIABLE = YES;
				MACOSX_DEPLOYMENT_TARGET = 10.11;
				MTL_ENABLE_DEBUG_INFO = YES;
				ONLY_ACTIVE_ARCH = YES;
				SDKROOT = macosx;
			};
			name = Debug;
		};
		16643CDB1C800FCE00873300 /* Release */ = {
			isa = XCBuildConfiguration;
			buildSettings = {
				ALWAYS_SEARCH_USER_PATHS = NO;
				CLANG_CXX_LANGUAGE_STANDARD = "gnu++0x";
				CLANG_CXX_LIBRARY = "libc++";
				CLANG_ENABLE_MODULES = YES;
				CLANG_ENABLE_OBJC_ARC = YES;
				CLANG_WARN_BOOL_CONVERSION = YES;
				CLANG_WARN_CONSTANT_CONVERSION = YES;
				CLANG_WARN_DIRECT_OBJC_ISA_USAGE = YES_ERROR;
				CLANG_WARN_EMPTY_BODY = YES;
				CLANG_WARN_ENUM_CONVERSION = YES;
				CLANG_WARN_INT_CONVERSION = YES;
				CLANG_WARN_OBJC_ROOT_CLASS = YES_ERROR;
				CLANG_WARN_UNREACHABLE_CODE = YES;
				CLANG_WARN__DUPLICATE_METHOD_MATCH = YES;
				COPY_PHASE_STRIP = NO;
				DEBUG_INFORMATION_FORMAT = "dwarf-with-dsym";
				ENABLE_NS_ASSERTIONS = NO;
				ENABLE_STRICT_OBJC_MSGSEND = YES;
				GCC_C_LANGUAGE_STANDARD = gnu99;
				GCC_NO_COMMON_BLOCKS = YES;
				GCC_WARN_64_TO_32_BIT_CONVERSION = YES;
				GCC_WARN_ABOUT_RETURN_TYPE = YES_ERROR;
				GCC_WARN_UNDECLARED_SELECTOR = YES;
				GCC_WARN_UNINITIALIZED_AUTOS = YES_AGGRESSIVE;
				GCC_WARN_UNUSED_FUNCTION = YES;
				GCC_WARN_UNUSED_VARIABLE = YES;
				MACOSX_DEPLOYMENT_TARGET = 10.11;
				MTL_ENABLE_DEBUG_INFO = NO;
				SDKROOT = macosx;
			};
			name = Release;
		};
		16643CDD1C800FCE00873300 /* Debug */ = {
			isa = XCBuildConfiguration;
			buildSettings = {
				PRODUCT_NAME = "$(TARGET_NAME)";
			};
			name = Debug;
		};
		16643CDE1C800FCE00873300 /* Release */ = {
			isa = XCBuildConfiguration;
			buildSettings = {
				PRODUCT_NAME = "$(TARGET_NAME)";
			};
			name = Release;
		};
/* End XCBuildConfiguration section */

/* Begin XCConfigurationList section */
		16643CD01C800FCE00873300 /* Build configuration list for PBXProject "2D" */ = {
			isa = XCConfigurationList;
			buildConfigurations = (
				16643CDA1C800FCE00873300 /* Debug */,
				16643CDB1C800FCE00873300 /* Release */,
			);
			defaultConfigurationIsVisible = 0;
			defaultConfigurationName = Release;
		};
		16643CDC1C800FCE00873300 /* Build configuration list for PBXNativeTarget "2D" */ = {
			isa = XCConfigurationList;
			buildConfigurations = (
				16643CDD1C800FCE00873300 /* Debug */,
				16643CDE1C800FCE00873300 /* Release */,
			);
			defaultConfigurationIsVisible = 0;
		};
/* End XCConfigurationList section */
	};
	rootObject = 16643CCD1C800FCE00873300 /* Project object */;
}
